// !$*UTF8*$!
{
	archiveVersion = 1;
	classes = {
	};
	objectVersion = 50;
	objects = {

/* Begin PBXBuildFile section */
		3699B817260D381D00CD8E38 /* AppDelegate.swift in Sources */ = {isa = PBXBuildFile; fileRef = 3699B816260D381D00CD8E38 /* AppDelegate.swift */; };
		3699B819260D381D00CD8E38 /* SceneDelegate.swift in Sources */ = {isa = PBXBuildFile; fileRef = 3699B818260D381D00CD8E38 /* SceneDelegate.swift */; };
		3699B81B260D381D00CD8E38 /* ViewController.swift in Sources */ = {isa = PBXBuildFile; fileRef = 3699B81A260D381D00CD8E38 /* ViewController.swift */; };
		3699B81E260D381D00CD8E38 /* Main.storyboard in Resources */ = {isa = PBXBuildFile; fileRef = 3699B81C260D381D00CD8E38 /* Main.storyboard */; };
		3699B820260D381E00CD8E38 /* Assets.xcassets in Resources */ = {isa = PBXBuildFile; fileRef = 3699B81F260D381E00CD8E38 /* Assets.xcassets */; };
		3699B823260D381E00CD8E38 /* LaunchScreen.storyboard in Resources */ = {isa = PBXBuildFile; fileRef = 3699B821260D381E00CD8E38 /* LaunchScreen.storyboard */; };
		3699B82E260D381F00CD8E38 /* SchedulerTests.swift in Sources */ = {isa = PBXBuildFile; fileRef = 3699B82D260D381F00CD8E38 /* SchedulerTests.swift */; };
		3699B839260D381F00CD8E38 /* SchedulerUITests.swift in Sources */ = {isa = PBXBuildFile; fileRef = 3699B838260D381F00CD8E38 /* SchedulerUITests.swift */; };
		3699B883260E76C600CD8E38 /* ProgressNode.swift in Sources */ = {isa = PBXBuildFile; fileRef = 3699B882260E76C600CD8E38 /* ProgressNode.swift */; };
		3699B888260E789700CD8E38 /* ProgressLine.swift in Sources */ = {isa = PBXBuildFile; fileRef = 3699B887260E789700CD8E38 /* ProgressLine.swift */; };
		3699B88D260E7AEE00CD8E38 /* ProgressView.swift in Sources */ = {isa = PBXBuildFile; fileRef = 3699B88C260E7AEE00CD8E38 /* ProgressView.swift */; };
		3699B892260E860900CD8E38 /* TaskWidgetList.swift in Sources */ = {isa = PBXBuildFile; fileRef = 3699B891260E860900CD8E38 /* TaskWidgetList.swift */; };
		3699B89A260E8DBC00CD8E38 /* TaskWidgetLayoutAttributes.swift in Sources */ = {isa = PBXBuildFile; fileRef = 3699B899260E8DBC00CD8E38 /* TaskWidgetLayoutAttributes.swift */; };
		3699B89F260E8E0400CD8E38 /* UIEdgeInsets+Extensions.swift in Sources */ = {isa = PBXBuildFile; fileRef = 3699B89E260E8E0400CD8E38 /* UIEdgeInsets+Extensions.swift */; };
		3699B8A4260E8E9300CD8E38 /* TaskWidgetListFlowLayout.swift in Sources */ = {isa = PBXBuildFile; fileRef = 3699B8A3260E8E9300CD8E38 /* TaskWidgetListFlowLayout.swift */; };
		3699B8A9260E9FC700CD8E38 /* TaskWidgetListAdapter.swift in Sources */ = {isa = PBXBuildFile; fileRef = 3699B8A8260E9FC700CD8E38 /* TaskWidgetListAdapter.swift */; };
		3699B8C2260EA23C00CD8E38 /* TaskWidgetSizeCalculator.swift in Sources */ = {isa = PBXBuildFile; fileRef = 3699B8C1260EA23C00CD8E38 /* TaskWidgetSizeCalculator.swift */; };
		3699B8CB260F2DA200CD8E38 /* RandomAccessCollection+Extensions.swift in Sources */ = {isa = PBXBuildFile; fileRef = 3699B8CA260F2DA200CD8E38 /* RandomAccessCollection+Extensions.swift */; };
		3699B8D4260F2E1F00CD8E38 /* TaskWidgetCurrentTimeView.swift in Sources */ = {isa = PBXBuildFile; fileRef = 3699B8D3260F2E1F00CD8E38 /* TaskWidgetCurrentTimeView.swift */; };
		3699B8D9260F2E5200CD8E38 /* TaskWidgetCurrentTimeIndicator.swift in Sources */ = {isa = PBXBuildFile; fileRef = 3699B8D8260F2E5200CD8E38 /* TaskWidgetCurrentTimeIndicator.swift */; };
		3699B8DE260F2E7F00CD8E38 /* TaskWidgetTimeView.swift in Sources */ = {isa = PBXBuildFile; fileRef = 3699B8DD260F2E7F00CD8E38 /* TaskWidgetTimeView.swift */; };
		3699B8EF260F479000CD8E38 /* WidgetTextInsets.swift in Sources */ = {isa = PBXBuildFile; fileRef = 3699B8EE260F479000CD8E38 /* WidgetTextInsets.swift */; };
		3699B8F4261090F300CD8E38 /* TaskWidget.swift in Sources */ = {isa = PBXBuildFile; fileRef = 3699B8F3261090F300CD8E38 /* TaskWidget.swift */; };
		3699B8F92610928300CD8E38 /* TaskWidgetListFlowLayoutDelegate.swift in Sources */ = {isa = PBXBuildFile; fileRef = 3699B8F82610928300CD8E38 /* TaskWidgetListFlowLayoutDelegate.swift */; };
		3699B90D26109E9C00CD8E38 /* ITask.swift in Sources */ = {isa = PBXBuildFile; fileRef = 3699B90C26109E9C00CD8E38 /* ITask.swift */; };
		3699B91226109EAE00CD8E38 /* Task.swift in Sources */ = {isa = PBXBuildFile; fileRef = 3699B91126109EAE00CD8E38 /* Task.swift */; };
		3699B91726109F2000CD8E38 /* ITaskWidgetListViewModel.swift in Sources */ = {isa = PBXBuildFile; fileRef = 3699B91626109F2000CD8E38 /* ITaskWidgetListViewModel.swift */; };
		3699B91C26109FEB00CD8E38 /* DashboardViewController.swift in Sources */ = {isa = PBXBuildFile; fileRef = 3699B91B26109FEB00CD8E38 /* DashboardViewController.swift */; };
		3699B9212610A4F200CD8E38 /* ITaskWidgetSizeCalculator.swift in Sources */ = {isa = PBXBuildFile; fileRef = 3699B9202610A4F200CD8E38 /* ITaskWidgetSizeCalculator.swift */; };
		3699B92D2610B72D00CD8E38 /* UIButton+Extensions.swift in Sources */ = {isa = PBXBuildFile; fileRef = 3699B92C2610B72D00CD8E38 /* UIButton+Extensions.swift */; };
		3699B9322610B74C00CD8E38 /* ActionButton.swift in Sources */ = {isa = PBXBuildFile; fileRef = 3699B9312610B74C00CD8E38 /* ActionButton.swift */; };
		36A43A98261261EE00B677A0 /* ITaskWidgetListAdapter.swift in Sources */ = {isa = PBXBuildFile; fileRef = 36A43A97261261EE00B677A0 /* ITaskWidgetListAdapter.swift */; };
		36A43A9D2612620100B677A0 /* TaskWidgetListAdapterDelegate.swift in Sources */ = {isa = PBXBuildFile; fileRef = 36A43A9C2612620100B677A0 /* TaskWidgetListAdapterDelegate.swift */; };
		36A43AB0261269A200B677A0 /* TaskWidgetViewCell.swift in Sources */ = {isa = PBXBuildFile; fileRef = 36A43AAF261269A200B677A0 /* TaskWidgetViewCell.swift */; };
		36A43AB5261269BE00B677A0 /* TaskWidgetViewCellDelegate.swift in Sources */ = {isa = PBXBuildFile; fileRef = 36A43AB4261269BE00B677A0 /* TaskWidgetViewCellDelegate.swift */; };
/* End PBXBuildFile section */

/* Begin PBXContainerItemProxy section */
		3699B82A260D381F00CD8E38 /* PBXContainerItemProxy */ = {
			isa = PBXContainerItemProxy;
			containerPortal = 3699B80B260D381D00CD8E38 /* Project object */;
			proxyType = 1;
			remoteGlobalIDString = 3699B812260D381D00CD8E38;
			remoteInfo = Scheduler;
		};
		3699B835260D381F00CD8E38 /* PBXContainerItemProxy */ = {
			isa = PBXContainerItemProxy;
			containerPortal = 3699B80B260D381D00CD8E38 /* Project object */;
			proxyType = 1;
			remoteGlobalIDString = 3699B812260D381D00CD8E38;
			remoteInfo = Scheduler;
		};
/* End PBXContainerItemProxy section */

/* Begin PBXFileReference section */
		3699B813260D381D00CD8E38 /* Scheduler.app */ = {isa = PBXFileReference; explicitFileType = wrapper.application; includeInIndex = 0; path = Scheduler.app; sourceTree = BUILT_PRODUCTS_DIR; };
		3699B816260D381D00CD8E38 /* AppDelegate.swift */ = {isa = PBXFileReference; lastKnownFileType = sourcecode.swift; path = AppDelegate.swift; sourceTree = "<group>"; };
		3699B818260D381D00CD8E38 /* SceneDelegate.swift */ = {isa = PBXFileReference; lastKnownFileType = sourcecode.swift; path = SceneDelegate.swift; sourceTree = "<group>"; };
		3699B81A260D381D00CD8E38 /* ViewController.swift */ = {isa = PBXFileReference; lastKnownFileType = sourcecode.swift; path = ViewController.swift; sourceTree = "<group>"; };
		3699B81D260D381D00CD8E38 /* Base */ = {isa = PBXFileReference; lastKnownFileType = file.storyboard; name = Base; path = Base.lproj/Main.storyboard; sourceTree = "<group>"; };
		3699B81F260D381E00CD8E38 /* Assets.xcassets */ = {isa = PBXFileReference; lastKnownFileType = folder.assetcatalog; path = Assets.xcassets; sourceTree = "<group>"; };
		3699B822260D381E00CD8E38 /* Base */ = {isa = PBXFileReference; lastKnownFileType = file.storyboard; name = Base; path = Base.lproj/LaunchScreen.storyboard; sourceTree = "<group>"; };
		3699B824260D381E00CD8E38 /* Info.plist */ = {isa = PBXFileReference; lastKnownFileType = text.plist.xml; path = Info.plist; sourceTree = "<group>"; };
		3699B829260D381F00CD8E38 /* SchedulerTests.xctest */ = {isa = PBXFileReference; explicitFileType = wrapper.cfbundle; includeInIndex = 0; path = SchedulerTests.xctest; sourceTree = BUILT_PRODUCTS_DIR; };
		3699B82D260D381F00CD8E38 /* SchedulerTests.swift */ = {isa = PBXFileReference; lastKnownFileType = sourcecode.swift; path = SchedulerTests.swift; sourceTree = "<group>"; };
		3699B82F260D381F00CD8E38 /* Info.plist */ = {isa = PBXFileReference; lastKnownFileType = text.plist.xml; path = Info.plist; sourceTree = "<group>"; };
		3699B834260D381F00CD8E38 /* SchedulerUITests.xctest */ = {isa = PBXFileReference; explicitFileType = wrapper.cfbundle; includeInIndex = 0; path = SchedulerUITests.xctest; sourceTree = BUILT_PRODUCTS_DIR; };
		3699B838260D381F00CD8E38 /* SchedulerUITests.swift */ = {isa = PBXFileReference; lastKnownFileType = sourcecode.swift; path = SchedulerUITests.swift; sourceTree = "<group>"; };
		3699B83A260D381F00CD8E38 /* Info.plist */ = {isa = PBXFileReference; lastKnownFileType = text.plist.xml; path = Info.plist; sourceTree = "<group>"; };
		3699B882260E76C600CD8E38 /* ProgressNode.swift */ = {isa = PBXFileReference; lastKnownFileType = sourcecode.swift; path = ProgressNode.swift; sourceTree = "<group>"; };
		3699B887260E789700CD8E38 /* ProgressLine.swift */ = {isa = PBXFileReference; lastKnownFileType = sourcecode.swift; path = ProgressLine.swift; sourceTree = "<group>"; };
		3699B88C260E7AEE00CD8E38 /* ProgressView.swift */ = {isa = PBXFileReference; lastKnownFileType = sourcecode.swift; path = ProgressView.swift; sourceTree = "<group>"; };
		3699B891260E860900CD8E38 /* TaskWidgetList.swift */ = {isa = PBXFileReference; lastKnownFileType = sourcecode.swift; path = TaskWidgetList.swift; sourceTree = "<group>"; };
		3699B899260E8DBC00CD8E38 /* TaskWidgetLayoutAttributes.swift */ = {isa = PBXFileReference; lastKnownFileType = sourcecode.swift; path = TaskWidgetLayoutAttributes.swift; sourceTree = "<group>"; };
		3699B89E260E8E0400CD8E38 /* UIEdgeInsets+Extensions.swift */ = {isa = PBXFileReference; lastKnownFileType = sourcecode.swift; path = "UIEdgeInsets+Extensions.swift"; sourceTree = "<group>"; };
		3699B8A3260E8E9300CD8E38 /* TaskWidgetListFlowLayout.swift */ = {isa = PBXFileReference; lastKnownFileType = sourcecode.swift; path = TaskWidgetListFlowLayout.swift; sourceTree = "<group>"; };
		3699B8A8260E9FC700CD8E38 /* TaskWidgetListAdapter.swift */ = {isa = PBXFileReference; lastKnownFileType = sourcecode.swift; path = TaskWidgetListAdapter.swift; sourceTree = "<group>"; };
		3699B8C1260EA23C00CD8E38 /* TaskWidgetSizeCalculator.swift */ = {isa = PBXFileReference; lastKnownFileType = sourcecode.swift; path = TaskWidgetSizeCalculator.swift; sourceTree = "<group>"; };
		3699B8CA260F2DA200CD8E38 /* RandomAccessCollection+Extensions.swift */ = {isa = PBXFileReference; lastKnownFileType = sourcecode.swift; path = "RandomAccessCollection+Extensions.swift"; sourceTree = "<group>"; };
		3699B8D3260F2E1F00CD8E38 /* TaskWidgetCurrentTimeView.swift */ = {isa = PBXFileReference; lastKnownFileType = sourcecode.swift; path = TaskWidgetCurrentTimeView.swift; sourceTree = "<group>"; };
		3699B8D8260F2E5200CD8E38 /* TaskWidgetCurrentTimeIndicator.swift */ = {isa = PBXFileReference; lastKnownFileType = sourcecode.swift; path = TaskWidgetCurrentTimeIndicator.swift; sourceTree = "<group>"; };
		3699B8DD260F2E7F00CD8E38 /* TaskWidgetTimeView.swift */ = {isa = PBXFileReference; lastKnownFileType = sourcecode.swift; path = TaskWidgetTimeView.swift; sourceTree = "<group>"; };
		3699B8EE260F479000CD8E38 /* WidgetTextInsets.swift */ = {isa = PBXFileReference; lastKnownFileType = sourcecode.swift; path = WidgetTextInsets.swift; sourceTree = "<group>"; };
		3699B8F3261090F300CD8E38 /* TaskWidget.swift */ = {isa = PBXFileReference; lastKnownFileType = sourcecode.swift; path = TaskWidget.swift; sourceTree = "<group>"; };
		3699B8F82610928300CD8E38 /* TaskWidgetListFlowLayoutDelegate.swift */ = {isa = PBXFileReference; lastKnownFileType = sourcecode.swift; path = TaskWidgetListFlowLayoutDelegate.swift; sourceTree = "<group>"; };
		3699B90C26109E9C00CD8E38 /* ITask.swift */ = {isa = PBXFileReference; lastKnownFileType = sourcecode.swift; path = ITask.swift; sourceTree = "<group>"; };
		3699B91126109EAE00CD8E38 /* Task.swift */ = {isa = PBXFileReference; lastKnownFileType = sourcecode.swift; path = Task.swift; sourceTree = "<group>"; };
		3699B91626109F2000CD8E38 /* ITaskWidgetListViewModel.swift */ = {isa = PBXFileReference; lastKnownFileType = sourcecode.swift; path = ITaskWidgetListViewModel.swift; sourceTree = "<group>"; };
		3699B91B26109FEB00CD8E38 /* DashboardViewController.swift */ = {isa = PBXFileReference; lastKnownFileType = sourcecode.swift; path = DashboardViewController.swift; sourceTree = "<group>"; };
		3699B9202610A4F200CD8E38 /* ITaskWidgetSizeCalculator.swift */ = {isa = PBXFileReference; lastKnownFileType = sourcecode.swift; path = ITaskWidgetSizeCalculator.swift; sourceTree = "<group>"; };
		3699B92C2610B72D00CD8E38 /* UIButton+Extensions.swift */ = {isa = PBXFileReference; lastKnownFileType = sourcecode.swift; path = "UIButton+Extensions.swift"; sourceTree = "<group>"; };
		3699B9312610B74C00CD8E38 /* ActionButton.swift */ = {isa = PBXFileReference; lastKnownFileType = sourcecode.swift; path = ActionButton.swift; sourceTree = "<group>"; };
		36A43A97261261EE00B677A0 /* ITaskWidgetListAdapter.swift */ = {isa = PBXFileReference; lastKnownFileType = sourcecode.swift; path = ITaskWidgetListAdapter.swift; sourceTree = "<group>"; };
		36A43A9C2612620100B677A0 /* TaskWidgetListAdapterDelegate.swift */ = {isa = PBXFileReference; lastKnownFileType = sourcecode.swift; path = TaskWidgetListAdapterDelegate.swift; sourceTree = "<group>"; };
		36A43AAF261269A200B677A0 /* TaskWidgetViewCell.swift */ = {isa = PBXFileReference; lastKnownFileType = sourcecode.swift; path = TaskWidgetViewCell.swift; sourceTree = "<group>"; };
		36A43AB4261269BE00B677A0 /* TaskWidgetViewCellDelegate.swift */ = {isa = PBXFileReference; lastKnownFileType = sourcecode.swift; path = TaskWidgetViewCellDelegate.swift; sourceTree = "<group>"; };
/* End PBXFileReference section */

/* Begin PBXFrameworksBuildPhase section */
		3699B810260D381D00CD8E38 /* Frameworks */ = {
			isa = PBXFrameworksBuildPhase;
			buildActionMask = 2147483647;
			files = (
			);
			runOnlyForDeploymentPostprocessing = 0;
		};
		3699B826260D381F00CD8E38 /* Frameworks */ = {
			isa = PBXFrameworksBuildPhase;
			buildActionMask = 2147483647;
			files = (
			);
			runOnlyForDeploymentPostprocessing = 0;
		};
		3699B831260D381F00CD8E38 /* Frameworks */ = {
			isa = PBXFrameworksBuildPhase;
			buildActionMask = 2147483647;
			files = (
			);
			runOnlyForDeploymentPostprocessing = 0;
		};
/* End PBXFrameworksBuildPhase section */

/* Begin PBXGroup section */
		3699B80A260D381D00CD8E38 = {
			isa = PBXGroup;
			children = (
				3699B815260D381D00CD8E38 /* Scheduler */,
				3699B82C260D381F00CD8E38 /* SchedulerTests */,
				3699B837260D381F00CD8E38 /* SchedulerUITests */,
				3699B814260D381D00CD8E38 /* Products */,
			);
			sourceTree = "<group>";
		};
		3699B814260D381D00CD8E38 /* Products */ = {
			isa = PBXGroup;
			children = (
				3699B813260D381D00CD8E38 /* Scheduler.app */,
				3699B829260D381F00CD8E38 /* SchedulerTests.xctest */,
				3699B834260D381F00CD8E38 /* SchedulerUITests.xctest */,
			);
			name = Products;
			sourceTree = "<group>";
		};
		3699B815260D381D00CD8E38 /* Scheduler */ = {
			isa = PBXGroup;
			children = (
				3699B816260D381D00CD8E38 /* AppDelegate.swift */,
				3699B818260D381D00CD8E38 /* SceneDelegate.swift */,
				3699B81A260D381D00CD8E38 /* ViewController.swift */,
				3699B81C260D381D00CD8E38 /* Main.storyboard */,
				3699B81F260D381E00CD8E38 /* Assets.xcassets */,
				3699B821260D381E00CD8E38 /* LaunchScreen.storyboard */,
				3699B824260D381E00CD8E38 /* Info.plist */,
				36A43AB92612706400B677A0 /* DI */,
				3699B8C6260EA2CC00CD8E38 /* ProgressView */,
				3699B905261092BB00CD8E38 /* TaskList */,
				3699B8CF260F2DD300CD8E38 /* Extensions */,
				3699B91B26109FEB00CD8E38 /* DashboardViewController.swift */,
				3699B9312610B74C00CD8E38 /* ActionButton.swift */,
			);
			path = Scheduler;
			sourceTree = "<group>";
		};
		3699B82C260D381F00CD8E38 /* SchedulerTests */ = {
			isa = PBXGroup;
			children = (
				3699B82D260D381F00CD8E38 /* SchedulerTests.swift */,
				3699B82F260D381F00CD8E38 /* Info.plist */,
			);
			path = SchedulerTests;
			sourceTree = "<group>";
		};
		3699B837260D381F00CD8E38 /* SchedulerUITests */ = {
			isa = PBXGroup;
			children = (
				3699B838260D381F00CD8E38 /* SchedulerUITests.swift */,
				3699B83A260D381F00CD8E38 /* Info.plist */,
			);
			path = SchedulerUITests;
			sourceTree = "<group>";
		};
		3699B8C6260EA2CC00CD8E38 /* ProgressView */ = {
			isa = PBXGroup;
			children = (
				3699B882260E76C600CD8E38 /* ProgressNode.swift */,
				3699B887260E789700CD8E38 /* ProgressLine.swift */,
				3699B88C260E7AEE00CD8E38 /* ProgressView.swift */,
			);
			path = ProgressView;
			sourceTree = "<group>";
		};
		3699B8CF260F2DD300CD8E38 /* Extensions */ = {
			isa = PBXGroup;
			children = (
				3699B89E260E8E0400CD8E38 /* UIEdgeInsets+Extensions.swift */,
				3699B8CA260F2DA200CD8E38 /* RandomAccessCollection+Extensions.swift */,
				3699B92C2610B72D00CD8E38 /* UIButton+Extensions.swift */,
			);
			path = Extensions;
			sourceTree = "<group>";
		};
		3699B8FD2610929B00CD8E38 /* Layout */ = {
			isa = PBXGroup;
			children = (
				3699B899260E8DBC00CD8E38 /* TaskWidgetLayoutAttributes.swift */,
				3699B8F82610928300CD8E38 /* TaskWidgetListFlowLayoutDelegate.swift */,
				3699B8A3260E8E9300CD8E38 /* TaskWidgetListFlowLayout.swift */,
			);
			path = Layout;
			sourceTree = "<group>";
		};
		3699B901261092B300CD8E38 /* View */ = {
			isa = PBXGroup;
			children = (
				3699B8D3260F2E1F00CD8E38 /* TaskWidgetCurrentTimeView.swift */,
				3699B8D8260F2E5200CD8E38 /* TaskWidgetCurrentTimeIndicator.swift */,
				3699B8DD260F2E7F00CD8E38 /* TaskWidgetTimeView.swift */,
				3699B8EE260F479000CD8E38 /* WidgetTextInsets.swift */,
				3699B8F3261090F300CD8E38 /* TaskWidget.swift */,
				3699B891260E860900CD8E38 /* TaskWidgetList.swift */,
				36A43AAF261269A200B677A0 /* TaskWidgetViewCell.swift */,
				36A43AB4261269BE00B677A0 /* TaskWidgetViewCellDelegate.swift */,
			);
			path = View;
			sourceTree = "<group>";
		};
		3699B905261092BB00CD8E38 /* TaskList */ = {
			isa = PBXGroup;
			children = (
				36A43AA42612621100B677A0 /* Adapter */,
				3699B9252610A4FF00CD8E38 /* Calculator */,
				3699B901261092B300CD8E38 /* View */,
				3699B8FD2610929B00CD8E38 /* Layout */,
				36A43AAB2612621F00B677A0 /* Task */,
				3699B91626109F2000CD8E38 /* ITaskWidgetListViewModel.swift */,
			);
			path = TaskList;
			sourceTree = "<group>";
		};
		3699B9252610A4FF00CD8E38 /* Calculator */ = {
			isa = PBXGroup;
			children = (
				3699B8C1260EA23C00CD8E38 /* TaskWidgetSizeCalculator.swift */,
				3699B9202610A4F200CD8E38 /* ITaskWidgetSizeCalculator.swift */,
			);
			path = Calculator;
			sourceTree = "<group>";
		};
		36A43AA42612621100B677A0 /* Adapter */ = {
			isa = PBXGroup;
			children = (
				36A43A9C2612620100B677A0 /* TaskWidgetListAdapterDelegate.swift */,
				36A43A97261261EE00B677A0 /* ITaskWidgetListAdapter.swift */,
				3699B8A8260E9FC700CD8E38 /* TaskWidgetListAdapter.swift */,
			);
			path = Adapter;
			sourceTree = "<group>";
		};
		36A43AAB2612621F00B677A0 /* Task */ = {
			isa = PBXGroup;
			children = (
				3699B90C26109E9C00CD8E38 /* ITask.swift */,
				3699B91126109EAE00CD8E38 /* Task.swift */,
			);
			path = Task;
			sourceTree = "<group>";
		};
		36A43AB92612706400B677A0 /* DI */ = {
			isa = PBXGroup;
			children = (
			);
			path = DI;
			sourceTree = "<group>";
		};
/* End PBXGroup section */

/* Begin PBXNativeTarget section */
		3699B812260D381D00CD8E38 /* Scheduler */ = {
			isa = PBXNativeTarget;
			buildConfigurationList = 3699B83D260D381F00CD8E38 /* Build configuration list for PBXNativeTarget "Scheduler" */;
			buildPhases = (
				3699B80F260D381D00CD8E38 /* Sources */,
				3699B810260D381D00CD8E38 /* Frameworks */,
				3699B811260D381D00CD8E38 /* Resources */,
			);
			buildRules = (
			);
			dependencies = (
			);
			name = Scheduler;
			productName = Scheduler;
			productReference = 3699B813260D381D00CD8E38 /* Scheduler.app */;
			productType = "com.apple.product-type.application";
		};
		3699B828260D381F00CD8E38 /* SchedulerTests */ = {
			isa = PBXNativeTarget;
			buildConfigurationList = 3699B840260D381F00CD8E38 /* Build configuration list for PBXNativeTarget "SchedulerTests" */;
			buildPhases = (
				3699B825260D381F00CD8E38 /* Sources */,
				3699B826260D381F00CD8E38 /* Frameworks */,
				3699B827260D381F00CD8E38 /* Resources */,
			);
			buildRules = (
			);
			dependencies = (
				3699B82B260D381F00CD8E38 /* PBXTargetDependency */,
			);
			name = SchedulerTests;
			productName = SchedulerTests;
			productReference = 3699B829260D381F00CD8E38 /* SchedulerTests.xctest */;
			productType = "com.apple.product-type.bundle.unit-test";
		};
		3699B833260D381F00CD8E38 /* SchedulerUITests */ = {
			isa = PBXNativeTarget;
			buildConfigurationList = 3699B843260D381F00CD8E38 /* Build configuration list for PBXNativeTarget "SchedulerUITests" */;
			buildPhases = (
				3699B830260D381F00CD8E38 /* Sources */,
				3699B831260D381F00CD8E38 /* Frameworks */,
				3699B832260D381F00CD8E38 /* Resources */,
			);
			buildRules = (
			);
			dependencies = (
				3699B836260D381F00CD8E38 /* PBXTargetDependency */,
			);
			name = SchedulerUITests;
			productName = SchedulerUITests;
			productReference = 3699B834260D381F00CD8E38 /* SchedulerUITests.xctest */;
			productType = "com.apple.product-type.bundle.ui-testing";
		};
/* End PBXNativeTarget section */

/* Begin PBXProject section */
		3699B80B260D381D00CD8E38 /* Project object */ = {
			isa = PBXProject;
			attributes = {
				LastSwiftUpdateCheck = 1240;
				LastUpgradeCheck = 1240;
				TargetAttributes = {
					3699B812260D381D00CD8E38 = {
						CreatedOnToolsVersion = 12.4;
					};
					3699B828260D381F00CD8E38 = {
						CreatedOnToolsVersion = 12.4;
						TestTargetID = 3699B812260D381D00CD8E38;
					};
					3699B833260D381F00CD8E38 = {
						CreatedOnToolsVersion = 12.4;
						TestTargetID = 3699B812260D381D00CD8E38;
					};
				};
			};
			buildConfigurationList = 3699B80E260D381D00CD8E38 /* Build configuration list for PBXProject "Scheduler" */;
			compatibilityVersion = "Xcode 9.3";
			developmentRegion = en;
			hasScannedForEncodings = 0;
			knownRegions = (
				en,
				Base,
			);
			mainGroup = 3699B80A260D381D00CD8E38;
			productRefGroup = 3699B814260D381D00CD8E38 /* Products */;
			projectDirPath = "";
			projectRoot = "";
			targets = (
				3699B812260D381D00CD8E38 /* Scheduler */,
				3699B828260D381F00CD8E38 /* SchedulerTests */,
				3699B833260D381F00CD8E38 /* SchedulerUITests */,
			);
		};
/* End PBXProject section */

/* Begin PBXResourcesBuildPhase section */
		3699B811260D381D00CD8E38 /* Resources */ = {
			isa = PBXResourcesBuildPhase;
			buildActionMask = 2147483647;
			files = (
				3699B823260D381E00CD8E38 /* LaunchScreen.storyboard in Resources */,
				3699B820260D381E00CD8E38 /* Assets.xcassets in Resources */,
				3699B81E260D381D00CD8E38 /* Main.storyboard in Resources */,
			);
			runOnlyForDeploymentPostprocessing = 0;
		};
		3699B827260D381F00CD8E38 /* Resources */ = {
			isa = PBXResourcesBuildPhase;
			buildActionMask = 2147483647;
			files = (
			);
			runOnlyForDeploymentPostprocessing = 0;
		};
		3699B832260D381F00CD8E38 /* Resources */ = {
			isa = PBXResourcesBuildPhase;
			buildActionMask = 2147483647;
			files = (
			);
			runOnlyForDeploymentPostprocessing = 0;
		};
/* End PBXResourcesBuildPhase section */

/* Begin PBXSourcesBuildPhase section */
		3699B80F260D381D00CD8E38 /* Sources */ = {
			isa = PBXSourcesBuildPhase;
			buildActionMask = 2147483647;
			files = (
				3699B8A4260E8E9300CD8E38 /* TaskWidgetListFlowLayout.swift in Sources */,
				36A43A9D2612620100B677A0 /* TaskWidgetListAdapterDelegate.swift in Sources */,
				3699B91C26109FEB00CD8E38 /* DashboardViewController.swift in Sources */,
				3699B89F260E8E0400CD8E38 /* UIEdgeInsets+Extensions.swift in Sources */,
				36A43AB5261269BE00B677A0 /* TaskWidgetViewCellDelegate.swift in Sources */,
				36A43A98261261EE00B677A0 /* ITaskWidgetListAdapter.swift in Sources */,
				36A43AB0261269A200B677A0 /* TaskWidgetViewCell.swift in Sources */,
				3699B883260E76C600CD8E38 /* ProgressNode.swift in Sources */,
				3699B81B260D381D00CD8E38 /* ViewController.swift in Sources */,
				3699B8CB260F2DA200CD8E38 /* RandomAccessCollection+Extensions.swift in Sources */,
				3699B8C2260EA23C00CD8E38 /* TaskWidgetSizeCalculator.swift in Sources */,
				3699B9212610A4F200CD8E38 /* ITaskWidgetSizeCalculator.swift in Sources */,
				3699B8D9260F2E5200CD8E38 /* TaskWidgetCurrentTimeIndicator.swift in Sources */,
				3699B91726109F2000CD8E38 /* ITaskWidgetListViewModel.swift in Sources */,
				3699B888260E789700CD8E38 /* ProgressLine.swift in Sources */,
				3699B8F92610928300CD8E38 /* TaskWidgetListFlowLayoutDelegate.swift in Sources */,
				3699B8F4261090F300CD8E38 /* TaskWidget.swift in Sources */,
				3699B92D2610B72D00CD8E38 /* UIButton+Extensions.swift in Sources */,
				3699B8A9260E9FC700CD8E38 /* TaskWidgetListAdapter.swift in Sources */,
				3699B9322610B74C00CD8E38 /* ActionButton.swift in Sources */,
				3699B892260E860900CD8E38 /* TaskWidgetList.swift in Sources */,
				3699B8DE260F2E7F00CD8E38 /* TaskWidgetTimeView.swift in Sources */,
				3699B8EF260F479000CD8E38 /* WidgetTextInsets.swift in Sources */,
				3699B90D26109E9C00CD8E38 /* ITask.swift in Sources */,
				3699B817260D381D00CD8E38 /* AppDelegate.swift in Sources */,
				3699B819260D381D00CD8E38 /* SceneDelegate.swift in Sources */,
				3699B8D4260F2E1F00CD8E38 /* TaskWidgetCurrentTimeView.swift in Sources */,
				3699B89A260E8DBC00CD8E38 /* TaskWidgetLayoutAttributes.swift in Sources */,
				3699B91226109EAE00CD8E38 /* Task.swift in Sources */,
				3699B88D260E7AEE00CD8E38 /* ProgressView.swift in Sources */,
			);
			runOnlyForDeploymentPostprocessing = 0;
		};
		3699B825260D381F00CD8E38 /* Sources */ = {
			isa = PBXSourcesBuildPhase;
			buildActionMask = 2147483647;
			files = (
				3699B82E260D381F00CD8E38 /* SchedulerTests.swift in Sources */,
			);
			runOnlyForDeploymentPostprocessing = 0;
		};
		3699B830260D381F00CD8E38 /* Sources */ = {
			isa = PBXSourcesBuildPhase;
			buildActionMask = 2147483647;
			files = (
				3699B839260D381F00CD8E38 /* SchedulerUITests.swift in Sources */,
			);
			runOnlyForDeploymentPostprocessing = 0;
		};
/* End PBXSourcesBuildPhase section */

/* Begin PBXTargetDependency section */
		3699B82B260D381F00CD8E38 /* PBXTargetDependency */ = {
			isa = PBXTargetDependency;
			target = 3699B812260D381D00CD8E38 /* Scheduler */;
			targetProxy = 3699B82A260D381F00CD8E38 /* PBXContainerItemProxy */;
		};
		3699B836260D381F00CD8E38 /* PBXTargetDependency */ = {
			isa = PBXTargetDependency;
			target = 3699B812260D381D00CD8E38 /* Scheduler */;
			targetProxy = 3699B835260D381F00CD8E38 /* PBXContainerItemProxy */;
		};
/* End PBXTargetDependency section */

/* Begin PBXVariantGroup section */
		3699B81C260D381D00CD8E38 /* Main.storyboard */ = {
			isa = PBXVariantGroup;
			children = (
				3699B81D260D381D00CD8E38 /* Base */,
			);
			name = Main.storyboard;
			sourceTree = "<group>";
		};
		3699B821260D381E00CD8E38 /* LaunchScreen.storyboard */ = {
			isa = PBXVariantGroup;
			children = (
				3699B822260D381E00CD8E38 /* Base */,
			);
			name = LaunchScreen.storyboard;
			sourceTree = "<group>";
		};
/* End PBXVariantGroup section */

/* Begin XCBuildConfiguration section */
		3699B83B260D381F00CD8E38 /* Debug */ = {
			isa = XCBuildConfiguration;
			buildSettings = {
				ALWAYS_SEARCH_USER_PATHS = NO;
				CLANG_ANALYZER_NONNULL = YES;
				CLANG_ANALYZER_NUMBER_OBJECT_CONVERSION = YES_AGGRESSIVE;
				CLANG_CXX_LANGUAGE_STANDARD = "gnu++14";
				CLANG_CXX_LIBRARY = "libc++";
				CLANG_ENABLE_MODULES = YES;
				CLANG_ENABLE_OBJC_ARC = YES;
				CLANG_ENABLE_OBJC_WEAK = YES;
				CLANG_WARN_BLOCK_CAPTURE_AUTORELEASING = YES;
				CLANG_WARN_BOOL_CONVERSION = YES;
				CLANG_WARN_COMMA = YES;
				CLANG_WARN_CONSTANT_CONVERSION = YES;
				CLANG_WARN_DEPRECATED_OBJC_IMPLEMENTATIONS = YES;
				CLANG_WARN_DIRECT_OBJC_ISA_USAGE = YES_ERROR;
				CLANG_WARN_DOCUMENTATION_COMMENTS = YES;
				CLANG_WARN_EMPTY_BODY = YES;
				CLANG_WARN_ENUM_CONVERSION = YES;
				CLANG_WARN_INFINITE_RECURSION = YES;
				CLANG_WARN_INT_CONVERSION = YES;
				CLANG_WARN_NON_LITERAL_NULL_CONVERSION = YES;
				CLANG_WARN_OBJC_IMPLICIT_RETAIN_SELF = YES;
				CLANG_WARN_OBJC_LITERAL_CONVERSION = YES;
				CLANG_WARN_OBJC_ROOT_CLASS = YES_ERROR;
				CLANG_WARN_QUOTED_INCLUDE_IN_FRAMEWORK_HEADER = YES;
				CLANG_WARN_RANGE_LOOP_ANALYSIS = YES;
				CLANG_WARN_STRICT_PROTOTYPES = YES;
				CLANG_WARN_SUSPICIOUS_MOVE = YES;
				CLANG_WARN_UNGUARDED_AVAILABILITY = YES_AGGRESSIVE;
				CLANG_WARN_UNREACHABLE_CODE = YES;
				CLANG_WARN__DUPLICATE_METHOD_MATCH = YES;
				COPY_PHASE_STRIP = NO;
				DEBUG_INFORMATION_FORMAT = dwarf;
				ENABLE_STRICT_OBJC_MSGSEND = YES;
				ENABLE_TESTABILITY = YES;
				GCC_C_LANGUAGE_STANDARD = gnu11;
				GCC_DYNAMIC_NO_PIC = NO;
				GCC_NO_COMMON_BLOCKS = YES;
				GCC_OPTIMIZATION_LEVEL = 0;
				GCC_PREPROCESSOR_DEFINITIONS = (
					"DEBUG=1",
					"$(inherited)",
				);
				GCC_WARN_64_TO_32_BIT_CONVERSION = YES;
				GCC_WARN_ABOUT_RETURN_TYPE = YES_ERROR;
				GCC_WARN_UNDECLARED_SELECTOR = YES;
				GCC_WARN_UNINITIALIZED_AUTOS = YES_AGGRESSIVE;
				GCC_WARN_UNUSED_FUNCTION = YES;
				GCC_WARN_UNUSED_VARIABLE = YES;
				IPHONEOS_DEPLOYMENT_TARGET = 14.4;
				MTL_ENABLE_DEBUG_INFO = INCLUDE_SOURCE;
				MTL_FAST_MATH = YES;
				ONLY_ACTIVE_ARCH = YES;
				SDKROOT = iphoneos;
				SWIFT_ACTIVE_COMPILATION_CONDITIONS = DEBUG;
				SWIFT_OPTIMIZATION_LEVEL = "-Onone";
			};
			name = Debug;
		};
		3699B83C260D381F00CD8E38 /* Release */ = {
			isa = XCBuildConfiguration;
			buildSettings = {
				ALWAYS_SEARCH_USER_PATHS = NO;
				CLANG_ANALYZER_NONNULL = YES;
				CLANG_ANALYZER_NUMBER_OBJECT_CONVERSION = YES_AGGRESSIVE;
				CLANG_CXX_LANGUAGE_STANDARD = "gnu++14";
				CLANG_CXX_LIBRARY = "libc++";
				CLANG_ENABLE_MODULES = YES;
				CLANG_ENABLE_OBJC_ARC = YES;
				CLANG_ENABLE_OBJC_WEAK = YES;
				CLANG_WARN_BLOCK_CAPTURE_AUTORELEASING = YES;
				CLANG_WARN_BOOL_CONVERSION = YES;
				CLANG_WARN_COMMA = YES;
				CLANG_WARN_CONSTANT_CONVERSION = YES;
				CLANG_WARN_DEPRECATED_OBJC_IMPLEMENTATIONS = YES;
				CLANG_WARN_DIRECT_OBJC_ISA_USAGE = YES_ERROR;
				CLANG_WARN_DOCUMENTATION_COMMENTS = YES;
				CLANG_WARN_EMPTY_BODY = YES;
				CLANG_WARN_ENUM_CONVERSION = YES;
				CLANG_WARN_INFINITE_RECURSION = YES;
				CLANG_WARN_INT_CONVERSION = YES;
				CLANG_WARN_NON_LITERAL_NULL_CONVERSION = YES;
				CLANG_WARN_OBJC_IMPLICIT_RETAIN_SELF = YES;
				CLANG_WARN_OBJC_LITERAL_CONVERSION = YES;
				CLANG_WARN_OBJC_ROOT_CLASS = YES_ERROR;
				CLANG_WARN_QUOTED_INCLUDE_IN_FRAMEWORK_HEADER = YES;
				CLANG_WARN_RANGE_LOOP_ANALYSIS = YES;
				CLANG_WARN_STRICT_PROTOTYPES = YES;
				CLANG_WARN_SUSPICIOUS_MOVE = YES;
				CLANG_WARN_UNGUARDED_AVAILABILITY = YES_AGGRESSIVE;
				CLANG_WARN_UNREACHABLE_CODE = YES;
				CLANG_WARN__DUPLICATE_METHOD_MATCH = YES;
				COPY_PHASE_STRIP = NO;
				DEBUG_INFORMATION_FORMAT = "dwarf-with-dsym";
				ENABLE_NS_ASSERTIONS = NO;
				ENABLE_STRICT_OBJC_MSGSEND = YES;
				GCC_C_LANGUAGE_STANDARD = gnu11;
				GCC_NO_COMMON_BLOCKS = YES;
				GCC_WARN_64_TO_32_BIT_CONVERSION = YES;
				GCC_WARN_ABOUT_RETURN_TYPE = YES_ERROR;
				GCC_WARN_UNDECLARED_SELECTOR = YES;
				GCC_WARN_UNINITIALIZED_AUTOS = YES_AGGRESSIVE;
				GCC_WARN_UNUSED_FUNCTION = YES;
				GCC_WARN_UNUSED_VARIABLE = YES;
				IPHONEOS_DEPLOYMENT_TARGET = 14.4;
				MTL_ENABLE_DEBUG_INFO = NO;
				MTL_FAST_MATH = YES;
				SDKROOT = iphoneos;
				SWIFT_COMPILATION_MODE = wholemodule;
				SWIFT_OPTIMIZATION_LEVEL = "-O";
				VALIDATE_PRODUCT = YES;
			};
			name = Release;
		};
		3699B83E260D381F00CD8E38 /* Debug */ = {
			isa = XCBuildConfiguration;
			buildSettings = {
				ASSETCATALOG_COMPILER_APPICON_NAME = AppIcon;
				ASSETCATALOG_COMPILER_GLOBAL_ACCENT_COLOR_NAME = AccentColor;
				CODE_SIGN_STYLE = Manual;
				DEVELOPMENT_TEAM = "";
				INFOPLIST_FILE = Scheduler/Info.plist;
				LD_RUNPATH_SEARCH_PATHS = (
					"$(inherited)",
					"@executable_path/Frameworks",
				);
				PRODUCT_BUNDLE_IDENTIFIER = "com.ru.pets-project.Scheduler";
				PRODUCT_NAME = "$(TARGET_NAME)";
				PROVISIONING_PROFILE_SPECIFIER = "";
				SWIFT_VERSION = 5.0;
				TARGETED_DEVICE_FAMILY = "1,2";
			};
			name = Debug;
		};
		3699B83F260D381F00CD8E38 /* Release */ = {
			isa = XCBuildConfiguration;
			buildSettings = {
				ASSETCATALOG_COMPILER_APPICON_NAME = AppIcon;
				ASSETCATALOG_COMPILER_GLOBAL_ACCENT_COLOR_NAME = AccentColor;
				CODE_SIGN_STYLE = Manual;
				DEVELOPMENT_TEAM = "";
				INFOPLIST_FILE = Scheduler/Info.plist;
				LD_RUNPATH_SEARCH_PATHS = (
					"$(inherited)",
					"@executable_path/Frameworks",
				);
				PRODUCT_BUNDLE_IDENTIFIER = "com.ru.pets-project.Scheduler";
				PRODUCT_NAME = "$(TARGET_NAME)";
				PROVISIONING_PROFILE_SPECIFIER = "";
				SWIFT_VERSION = 5.0;
				TARGETED_DEVICE_FAMILY = "1,2";
			};
			name = Release;
		};
		3699B841260D381F00CD8E38 /* Debug */ = {
			isa = XCBuildConfiguration;
			buildSettings = {
				ALWAYS_EMBED_SWIFT_STANDARD_LIBRARIES = YES;
				BUNDLE_LOADER = "$(TEST_HOST)";
				CODE_SIGN_STYLE = Automatic;
				INFOPLIST_FILE = SchedulerTests/Info.plist;
				IPHONEOS_DEPLOYMENT_TARGET = 14.4;
				LD_RUNPATH_SEARCH_PATHS = (
					"$(inherited)",
					"@executable_path/Frameworks",
					"@loader_path/Frameworks",
				);
				PRODUCT_BUNDLE_IDENTIFIER = "com.ru.pets-project.SchedulerTests";
				PRODUCT_NAME = "$(TARGET_NAME)";
				SWIFT_VERSION = 5.0;
				TARGETED_DEVICE_FAMILY = "1,2";
				TEST_HOST = "$(BUILT_PRODUCTS_DIR)/Scheduler.app/Scheduler";
			};
			name = Debug;
		};
		3699B842260D381F00CD8E38 /* Release */ = {
			isa = XCBuildConfiguration;
			buildSettings = {
				ALWAYS_EMBED_SWIFT_STANDARD_LIBRARIES = YES;
				BUNDLE_LOADER = "$(TEST_HOST)";
				CODE_SIGN_STYLE = Automatic;
				INFOPLIST_FILE = SchedulerTests/Info.plist;
				IPHONEOS_DEPLOYMENT_TARGET = 14.4;
				LD_RUNPATH_SEARCH_PATHS = (
					"$(inherited)",
					"@executable_path/Frameworks",
					"@loader_path/Frameworks",
				);
				PRODUCT_BUNDLE_IDENTIFIER = "com.ru.pets-project.SchedulerTests";
				PRODUCT_NAME = "$(TARGET_NAME)";
				SWIFT_VERSION = 5.0;
				TARGETED_DEVICE_FAMILY = "1,2";
				TEST_HOST = "$(BUILT_PRODUCTS_DIR)/Scheduler.app/Scheduler";
			};
			name = Release;
		};
		3699B844260D381F00CD8E38 /* Debug */ = {
			isa = XCBuildConfiguration;
			buildSettings = {
				ALWAYS_EMBED_SWIFT_STANDARD_LIBRARIES = YES;
				CODE_SIGN_STYLE = Automatic;
				INFOPLIST_FILE = SchedulerUITests/Info.plist;
				LD_RUNPATH_SEARCH_PATHS = (
					"$(inherited)",
					"@executable_path/Frameworks",
					"@loader_path/Frameworks",
				);
				PRODUCT_BUNDLE_IDENTIFIER = "com.ru.pets-project.SchedulerUITests";
				PRODUCT_NAME = "$(TARGET_NAME)";
				SWIFT_VERSION = 5.0;
				TARGETED_DEVICE_FAMILY = "1,2";
				TEST_TARGET_NAME = Scheduler;
			};
			name = Debug;
		};
		3699B845260D381F00CD8E38 /* Release */ = {
			isa = XCBuildConfiguration;
			buildSettings = {
				ALWAYS_EMBED_SWIFT_STANDARD_LIBRARIES = YES;
				CODE_SIGN_STYLE = Automatic;
				INFOPLIST_FILE = SchedulerUITests/Info.plist;
				LD_RUNPATH_SEARCH_PATHS = (
					"$(inherited)",
					"@executable_path/Frameworks",
					"@loader_path/Frameworks",
				);
				PRODUCT_BUNDLE_IDENTIFIER = "com.ru.pets-project.SchedulerUITests";
				PRODUCT_NAME = "$(TARGET_NAME)";
				SWIFT_VERSION = 5.0;
				TARGETED_DEVICE_FAMILY = "1,2";
				TEST_TARGET_NAME = Scheduler;
			};
			name = Release;
		};
/* End XCBuildConfiguration section */

/* Begin XCConfigurationList section */
		3699B80E260D381D00CD8E38 /* Build configuration list for PBXProject "Scheduler" */ = {
			isa = XCConfigurationList;
			buildConfigurations = (
				3699B83B260D381F00CD8E38 /* Debug */,
				3699B83C260D381F00CD8E38 /* Release */,
			);
			defaultConfigurationIsVisible = 0;
			defaultConfigurationName = Release;
		};
		3699B83D260D381F00CD8E38 /* Build configuration list for PBXNativeTarget "Scheduler" */ = {
			isa = XCConfigurationList;
			buildConfigurations = (
				3699B83E260D381F00CD8E38 /* Debug */,
				3699B83F260D381F00CD8E38 /* Release */,
			);
			defaultConfigurationIsVisible = 0;
			defaultConfigurationName = Release;
		};
		3699B840260D381F00CD8E38 /* Build configuration list for PBXNativeTarget "SchedulerTests" */ = {
			isa = XCConfigurationList;
			buildConfigurations = (
				3699B841260D381F00CD8E38 /* Debug */,
				3699B842260D381F00CD8E38 /* Release */,
			);
			defaultConfigurationIsVisible = 0;
			defaultConfigurationName = Release;
		};
		3699B843260D381F00CD8E38 /* Build configuration list for PBXNativeTarget "SchedulerUITests" */ = {
			isa = XCConfigurationList;
			buildConfigurations = (
				3699B844260D381F00CD8E38 /* Debug */,
				3699B845260D381F00CD8E38 /* Release */,
			);
			defaultConfigurationIsVisible = 0;
			defaultConfigurationName = Release;
		};
/* End XCConfigurationList section */
	};
	rootObject = 3699B80B260D381D00CD8E38 /* Project object */;
}
